<Solution>
    <Folder Name="/seeding/">
        <Project Path="migrations/SqlServer/SqlServer.csproj"/>
    </Folder>
    <Folder Name="/src/">
        <Project Path="host/Host.csproj"/>
        <Project Path="src/IdentityServer.EntityFramework.csproj"/>
    </Folder>
    <Folder Name="/tests/">
        <Project Path="test/IdentityServer.EntityFramework.Tests/IdentityServer.EntityFramework.Tests.csproj"/>
    </Folder>
</Solution>
